
Microsoft Visual Studio Solution File, Format Version 12.00
# Visual Studio 15
VisualStudioVersion = 15.0.27130.2010
MinimumVisualStudioVersion = 10.0.40219.1
Project("{8BC9CEB8-8B4A-11D0-8D11-00A0C91BC942}") = "InterpritationLex", "InterpritationLex\InterpritationLex.vcxproj", "{F1E95207-D368-4D5C-A9AC-10F49E43EA62}"
EndProject
Global
	GlobalSection(SolutionConfigurationPlatforms) = preSolution
		Debug|x64 = Debug|x64
		Debug|x86 = Debug|x86
		Release|x64 = Release|x64
		Release|x86 = Release|x86
	EndGlobalSection
	GlobalSection(ProjectConfigurationPlatforms) = postSolution
		{F1E95207-D368-4D5C-A9AC-10F49E43EA62}.Debug|x64.ActiveCfg = Debug|x64
		{F1E95207-D368-4D5C-A9AC-10F49E43EA62}.Debug|x64.Build.0 = Debug|x64
		{F1E95207-D368-4D5C-A9AC-10F49E43EA62}.Debug|x86.ActiveCfg = Debug|Win32
		{F1E95207-D368-4D5C-A9AC-10F49E43EA62}.Debug|x86.Build.0 = Debug|Win32
		{F1E95207-D368-4D5C-A9AC-10F49E43EA62}.Release|x64.ActiveCfg = Release|x64
		{F1E95207-D368-4D5C-A9AC-10F49E43EA62}.Release|x64.Build.0 = Release|x64
		{F1E95207-D368-4D5C-A9AC-10F49E43EA62}.Release|x86.ActiveCfg = Release|Win32
		{F1E95207-D368-4D5C-A9AC-10F49E43EA62}.Release|x86.Build.0 = Release|Win32
	EndGlobalSection
	GlobalSection(SolutionProperties) = preSolution
		HideSolutionNode = FALSE
	EndGlobalSection
	GlobalSection(ExtensibilityGlobals) = postSolution
		SolutionGuid = {A2453018-B1FF-4606-9D33-C4B50EEC3D7E}
	EndGlobalSection
EndGlobal
